
Microsoft Visual Studio Solution File, Format Version 12.00
# Visual Studio Version 17
VisualStudioVersion = 17.12.35728.132
MinimumVisualStudioVersion = 10.0.40219.1
Project("{FAE04EC0-301F-11D3-BF4B-00C04F79EFBC}") = "TechLibrary.Api", "TechLibrary.Api\TechLibrary.Api.csproj", "{ADB70026-5196-4016-AADD-6E3CEBB8C8E3}"
EndProject
Project("{FAE04EC0-301F-11D3-BF4B-00C04F79EFBC}") = "TechLibrary.Communication", "TechLibrary.Communication\TechLibrary.Communication.csproj", "{31BFAFD8-3E03-4346-B779-EB54FF472609}"
EndProject
Project("{FAE04EC0-301F-11D3-BF4B-00C04F79EFBC}") = "TechLibrary.Application", "TechLibrary.Application\TechLibrary.Application.csproj", "{2A0816C3-E239-495A-AE5C-C776B2A8D345}"
EndProject
Project("{FAE04EC0-301F-11D3-BF4B-00C04F79EFBC}") = "TechLibrary.Domain", "TechLibrary.Domain\TechLibrary.Domain.csproj", "{930C5B3A-2779-4533-8D20-EA19A16542EA}"
EndProject
Project("{FAE04EC0-301F-11D3-BF4B-00C04F79EFBC}") = "TechLibrary.Exception", "TechLibrary.Exception\TechLibrary.Exception.csproj", "{4331AAF1-0459-4434-8758-4992770C857D}"
EndProject
Project("{FAE04EC0-301F-11D3-BF4B-00C04F79EFBC}") = "TechLibrary.Infrastructure", "TechLibrary.Infrastructure\TechLibrary.Infrastructure.csproj", "{E8FE78E3-9784-4D47-B2DD-7BD5E03FFB39}"
EndProject
Project("{2150E333-8FDC-42A3-9474-1A3956D46DE8}") = "src", "src", "{B7197F37-58D6-46B8-A4DB-C265D50E3B22}"
EndProject
Project("{2150E333-8FDC-42A3-9474-1A3956D46DE8}") = "tests", "tests", "{88D443A2-65B5-4E81-9678-3E35C099063B}"
EndProject
Project("{FAE04EC0-301F-11D3-BF4B-00C04F79EFBC}") = "CommonTestUtilities", "CommonTestUtilities\CommonTestUtilities.csproj", "{35168D31-9928-485A-A031-5C5BDF162366}"
EndProject
Project("{FAE04EC0-301F-11D3-BF4B-00C04F79EFBC}") = "UseCases.Tests", "UseCases.Tests\UseCases.Tests.csproj", "{05F00A18-B3EB-4DBE-A17F-5084B3E6428F}"
EndProject
Project("{FAE04EC0-301F-11D3-BF4B-00C04F79EFBC}") = "Validators.Tests", "Validators.Tests\Validators.Tests.csproj", "{24F5455E-A052-4BD4-9E97-D8C4BBB16E64}"
EndProject
Project("{FAE04EC0-301F-11D3-BF4B-00C04F79EFBC}") = "WebApi.Tests", "WebApi.Tests\WebApi.Tests.csproj", "{A915C97E-5716-40AA-9427-FDDF91A5F93A}"
EndProject
Global
	GlobalSection(SolutionConfigurationPlatforms) = preSolution
		Debug|Any CPU = Debug|Any CPU
		Release|Any CPU = Release|Any CPU
	EndGlobalSection
	GlobalSection(ProjectConfigurationPlatforms) = postSolution
		{ADB70026-5196-4016-AADD-6E3CEBB8C8E3}.Debug|Any CPU.ActiveCfg = Debug|Any CPU
		{ADB70026-5196-4016-AADD-6E3CEBB8C8E3}.Debug|Any CPU.Build.0 = Debug|Any CPU
		{ADB70026-5196-4016-AADD-6E3CEBB8C8E3}.Release|Any CPU.ActiveCfg = Release|Any CPU
		{ADB70026-5196-4016-AADD-6E3CEBB8C8E3}.Release|Any CPU.Build.0 = Release|Any CPU
		{31BFAFD8-3E03-4346-B779-EB54FF472609}.Debug|Any CPU.ActiveCfg = Debug|Any CPU
		{31BFAFD8-3E03-4346-B779-EB54FF472609}.Debug|Any CPU.Build.0 = Debug|Any CPU
		{31BFAFD8-3E03-4346-B779-EB54FF472609}.Release|Any CPU.ActiveCfg = Release|Any CPU
		{31BFAFD8-3E03-4346-B779-EB54FF472609}.Release|Any CPU.Build.0 = Release|Any CPU
		{2A0816C3-E239-495A-AE5C-C776B2A8D345}.Debug|Any CPU.ActiveCfg = Debug|Any CPU
		{2A0816C3-E239-495A-AE5C-C776B2A8D345}.Debug|Any CPU.Build.0 = Debug|Any CPU
		{2A0816C3-E239-495A-AE5C-C776B2A8D345}.Release|Any CPU.ActiveCfg = Release|Any CPU
		{2A0816C3-E239-495A-AE5C-C776B2A8D345}.Release|Any CPU.Build.0 = Release|Any CPU
		{930C5B3A-2779-4533-8D20-EA19A16542EA}.Debug|Any CPU.ActiveCfg = Debug|Any CPU
		{930C5B3A-2779-4533-8D20-EA19A16542EA}.Debug|Any CPU.Build.0 = Debug|Any CPU
		{930C5B3A-2779-4533-8D20-EA19A16542EA}.Release|Any CPU.ActiveCfg = Release|Any CPU
		{930C5B3A-2779-4533-8D20-EA19A16542EA}.Release|Any CPU.Build.0 = Release|Any CPU
		{4331AAF1-0459-4434-8758-4992770C857D}.Debug|Any CPU.ActiveCfg = Debug|Any CPU
		{4331AAF1-0459-4434-8758-4992770C857D}.Debug|Any CPU.Build.0 = Debug|Any CPU
		{4331AAF1-0459-4434-8758-4992770C857D}.Release|Any CPU.ActiveCfg = Release|Any CPU
		{4331AAF1-0459-4434-8758-4992770C857D}.Release|Any CPU.Build.0 = Release|Any CPU
		{E8FE78E3-9784-4D47-B2DD-7BD5E03FFB39}.Debug|Any CPU.ActiveCfg = Debug|Any CPU
		{E8FE78E3-9784-4D47-B2DD-7BD5E03FFB39}.Debug|Any CPU.Build.0 = Debug|Any CPU
		{E8FE78E3-9784-4D47-B2DD-7BD5E03FFB39}.Release|Any CPU.ActiveCfg = Release|Any CPU
		{E8FE78E3-9784-4D47-B2DD-7BD5E03FFB39}.Release|Any CPU.Build.0 = Release|Any CPU
		{35168D31-9928-485A-A031-5C5BDF162366}.Debug|Any CPU.ActiveCfg = Debug|Any CPU
		{35168D31-9928-485A-A031-5C5BDF162366}.Debug|Any CPU.Build.0 = Debug|Any CPU
		{35168D31-9928-485A-A031-5C5BDF162366}.Release|Any CPU.ActiveCfg = Release|Any CPU
		{35168D31-9928-485A-A031-5C5BDF162366}.Release|Any CPU.Build.0 = Release|Any CPU
		{05F00A18-B3EB-4DBE-A17F-5084B3E6428F}.Debug|Any CPU.ActiveCfg = Debug|Any CPU
		{05F00A18-B3EB-4DBE-A17F-5084B3E6428F}.Debug|Any CPU.Build.0 = Debug|Any CPU
		{05F00A18-B3EB-4DBE-A17F-5084B3E6428F}.Release|Any CPU.ActiveCfg = Release|Any CPU
		{05F00A18-B3EB-4DBE-A17F-5084B3E6428F}.Release|Any CPU.Build.0 = Release|Any CPU
		{24F5455E-A052-4BD4-9E97-D8C4BBB16E64}.Debug|Any CPU.ActiveCfg = Debug|Any CPU
		{24F5455E-A052-4BD4-9E97-D8C4BBB16E64}.Debug|Any CPU.Build.0 = Debug|Any CPU
		{24F5455E-A052-4BD4-9E97-D8C4BBB16E64}.Release|Any CPU.ActiveCfg = Release|Any CPU
		{24F5455E-A052-4BD4-9E97-D8C4BBB16E64}.Release|Any CPU.Build.0 = Release|Any CPU
		{A915C97E-5716-40AA-9427-FDDF91A5F93A}.Debug|Any CPU.ActiveCfg = Debug|Any CPU
		{A915C97E-5716-40AA-9427-FDDF91A5F93A}.Debug|Any CPU.Build.0 = Debug|Any CPU
		{A915C97E-5716-40AA-9427-FDDF91A5F93A}.Release|Any CPU.ActiveCfg = Release|Any CPU
		{A915C97E-5716-40AA-9427-FDDF91A5F93A}.Release|Any CPU.Build.0 = Release|Any CPU
	EndGlobalSection
	GlobalSection(SolutionProperties) = preSolution
		HideSolutionNode = FALSE
	EndGlobalSection
	GlobalSection(NestedProjects) = preSolution
		{ADB70026-5196-4016-AADD-6E3CEBB8C8E3} = {B7197F37-58D6-46B8-A4DB-C265D50E3B22}
		{31BFAFD8-3E03-4346-B779-EB54FF472609} = {B7197F37-58D6-46B8-A4DB-C265D50E3B22}
		{2A0816C3-E239-495A-AE5C-C776B2A8D345} = {B7197F37-58D6-46B8-A4DB-C265D50E3B22}
		{930C5B3A-2779-4533-8D20-EA19A16542EA} = {B7197F37-58D6-46B8-A4DB-C265D50E3B22}
		{4331AAF1-0459-4434-8758-4992770C857D} = {B7197F37-58D6-46B8-A4DB-C265D50E3B22}
		{E8FE78E3-9784-4D47-B2DD-7BD5E03FFB39} = {B7197F37-58D6-46B8-A4DB-C265D50E3B22}
		{35168D31-9928-485A-A031-5C5BDF162366} = {88D443A2-65B5-4E81-9678-3E35C099063B}
		{05F00A18-B3EB-4DBE-A17F-5084B3E6428F} = {88D443A2-65B5-4E81-9678-3E35C099063B}
		{24F5455E-A052-4BD4-9E97-D8C4BBB16E64} = {88D443A2-65B5-4E81-9678-3E35C099063B}
		{A915C97E-5716-40AA-9427-FDDF91A5F93A} = {88D443A2-65B5-4E81-9678-3E35C099063B}
	EndGlobalSection
EndGlobal
